
Microsoft Visual Studio Solution File, Format Version 12.00
# Visual Studio Version 16
VisualStudioVersion = 16.0.31702.278
MinimumVisualStudioVersion = 10.0.40219.1
Project("{FAE04EC0-301F-11D3-BF4B-00C04F79EFBC}") = "ProgrammeDateTime", "ProgrammeDateTime.csproj", "{27AC6111-DCA3-46CE-BAAB-264E3611320F}"
EndProject
Global
	GlobalSection(SolutionConfigurationPlatforms) = preSolution
		Debug|Any CPU = Debug|Any CPU
		Release|Any CPU = Release|Any CPU
	EndGlobalSection
	GlobalSection(ProjectConfigurationPlatforms) = postSolution
		{27AC6111-DCA3-46CE-BAAB-264E3611320F}.Debug|Any CPU.ActiveCfg = Debug|Any CPU
		{27AC6111-DCA3-46CE-BAAB-264E3611320F}.Debug|Any CPU.Build.0 = Debug|Any CPU
		{27AC6111-DCA3-46CE-BAAB-264E3611320F}.Release|Any CPU.ActiveCfg = Release|Any CPU
		{27AC6111-DCA3-46CE-BAAB-264E3611320F}.Release|Any CPU.Build.0 = Release|Any CPU
	EndGlobalSection
	GlobalSection(SolutionProperties) = preSolution
		HideSolutionNode = FALSE
	EndGlobalSection
	GlobalSection(ExtensibilityGlobals) = postSolution
		SolutionGuid = {DA5BFC2B-2F07-455D-A038-EA20EEC5ECEC}
	EndGlobalSection
EndGlobal
